{
  "lockfileVersion": 1,
  "dependencies": {
    "asn1": {
      "version": "0.2.3",
      "resolved": "https://registry.npmjs.org/asn1/-/asn1-0.2.3.tgz",
      "integrity": "sha1-2sh4dxPJlmhJ/IGAd36+nB3fO4Y="
    },
    "node-ssh": {
      "version": "4.2.2",
      "resolved": "https://registry.npmjs.org/node-ssh/-/node-ssh-4.2.2.tgz",
      "integrity": "sha1-iz/szhviAQnYUAKZGd6OrCXpAMs="
    },
    "sb-promisify": {
      "version": "2.0.2",
      "resolved": "https://registry.npmjs.org/sb-promisify/-/sb-promisify-2.0.2.tgz",
      "integrity": "sha1-QnelR1RIiqlnXYhuNU24lMm9yYE="
    },
    "sb-scandir": {
      "version": "1.0.0",
      "resolved": "https://registry.npmjs.org/sb-scandir/-/sb-scandir-1.0.0.tgz",
      "integrity": "sha1-ECtGZse2RPQofw0zzrQ3T6wb+hU=",
      "dependencies": {
        "sb-promisify": {
          "version": "1.3.0",
          "resolved": "https://registry.npmjs.org/sb-promisify/-/sb-promisify-1.3.0.tgz",
          "integrity": "sha1-Ovbx+p/8gz8U3oaRbu/B9VmxsFE="
        }
      }
    },
    "semver": {
      "version": "5.3.0",
      "resolved": "https://registry.npmjs.org/semver/-/semver-5.3.0.tgz",
      "integrity": "sha1-myzl094C0XxgEq0yaqa00M9U+U8="
    },
    "shell-escape": {
      "version": "0.2.0",
      "resolved": "https://registry.npmjs.org/shell-escape/-/shell-escape-0.2.0.tgz",
      "integrity": "sha1-aP0CXrBJC09WegJ/C/IkgLX4QTM="
    },
    "ssh2": {
      "version": "0.5.5",
      "resolved": "https://registry.npmjs.org/ssh2/-/ssh2-0.5.5.tgz",
      "integrity": "sha1-x3gezS7OcwSiU89iD6taXCK7IjU="
    },
    "ssh2-streams": {
      "version": "0.1.19",
      "resolved": "https://registry.npmjs.org/ssh2-streams/-/ssh2-streams-0.1.19.tgz",
      "integrity": "sha1-+A7OzC3ho54apkRphR7DK8lrg/k="
    },
    "streamsearch": {
      "version": "0.1.2",
      "resolved": "https://registry.npmjs.org/streamsearch/-/streamsearch-0.1.2.tgz",
      "integrity": "sha1-gIudDlb8Jz2Am6VzOOkpkZoanxo="
    },
    "telnet-client": {
      "version": "0.14.0",
      "resolved": "https://registry.npmjs.org/telnet-client/-/telnet-client-0.14.0.tgz",
      "integrity": "sha1-/+of8V0xnRTD60n6OEewgwamK6s=",
      "dependencies": {
        "bluebird": {
          "version": "3.4.7",
          "resolved": "https://registry.npmjs.org/bluebird/-/bluebird-3.4.7.tgz",
          "integrity": "sha1-9y12C+Cbf3bQjtj66Ysomo0F+rM="
        }
      }
    }
  }
}
